Microsoft Visual Studio Solution File, Format Version 12.00
# Visual Studio Version 17
VisualStudioVersion = 17.5.2.0
MinimumVisualStudioVersion = 10.0.40219.1
Project("{FAE04EC0-301F-11D3-BF4B-00C04F79EFBC}") = "project-axiom", "Client\project-axiom.csproj", "{B6E812B8-3FE0-ABE7-6C27-7ED94786C44F}"
EndProject
Project("{FAE04EC0-301F-11D3-BF4B-00C04F79EFBC}") = "project-axiom-sharelib", "Shared\project-axiom-sharelib.csproj", "{23E263A4-0D22-4CDC-8DB5-1869951A902E}"
EndProject
Project("{FAE04EC0-301F-11D3-BF4B-00C04F79EFBC}") = "project-axiom-server", "Server\project-axiom-server.csproj", "{D01F4CE6-C72A-45C0-A692-FA28B34E2836}"
EndProject
Global
	GlobalSection(SolutionConfigurationPlatforms) = preSolution
		Debug|Any CPU = Debug|Any CPU
		Release|Any CPU = Release|Any CPU
	EndGlobalSection
	GlobalSection(ProjectConfigurationPlatforms) = postSolution
		{B6E812B8-3FE0-ABE7-6C27-7ED94786C44F}.Debug|Any CPU.ActiveCfg = Debug|Any CPU
		{B6E812B8-3FE0-ABE7-6C27-7ED94786C44F}.Debug|Any CPU.Build.0 = Debug|Any CPU
		{B6E812B8-3FE0-ABE7-6C27-7ED94786C44F}.Release|Any CPU.ActiveCfg = Release|Any CPU
		{B6E812B8-3FE0-ABE7-6C27-7ED94786C44F}.Release|Any CPU.Build.0 = Release|Any CPU
		{23E263A4-0D22-4CDC-8DB5-1869951A902E}.Debug|Any CPU.ActiveCfg = Debug|Any CPU
		{23E263A4-0D22-4CDC-8DB5-1869951A902E}.Debug|Any CPU.Build.0 = Debug|Any CPU
		{23E263A4-0D22-4CDC-8DB5-1869951A902E}.Release|Any CPU.ActiveCfg = Release|Any CPU
		{23E263A4-0D22-4CDC-8DB5-1869951A902E}.Release|Any CPU.Build.0 = Release|Any CPU
		{D01F4CE6-C72A-45C0-A692-FA28B34E2836}.Debug|Any CPU.ActiveCfg = Debug|Any CPU
		{D01F4CE6-C72A-45C0-A692-FA28B34E2836}.Debug|Any CPU.Build.0 = Debug|Any CPU
		{D01F4CE6-C72A-45C0-A692-FA28B34E2836}.Release|Any CPU.ActiveCfg = Release|Any CPU
		{D01F4CE6-C72A-45C0-A692-FA28B34E2836}.Release|Any CPU.Build.0 = Release|Any CPU
	EndGlobalSection
	GlobalSection(SolutionProperties) = preSolution
		HideSolutionNode = FALSE
	EndGlobalSection
	GlobalSection(ExtensibilityGlobals) = postSolution
		SolutionGuid = {C6ECA4F2-29BE-48A5-A238-DD0F1E2574DD}
	EndGlobalSection
EndGlobal
